
Microsoft Visual Studio Solution File, Format Version 12.00
# Visual Studio Version 16
VisualStudioVersion = 16.0.31205.134
MinimumVisualStudioVersion = 10.0.40219.1
Project("{FAE04EC0-301F-11D3-BF4B-00C04F79EFBC}") = "Game_Project_Demo", "Game_Project_Sim\Game_Project_Demo.csproj", "{6AE3251A-191E-4446-852E-80C00E9C328E}"
EndProject
Global
	GlobalSection(SolutionConfigurationPlatforms) = preSolution
		Debug|Any CPU = Debug|Any CPU
		Release|Any CPU = Release|Any CPU
	EndGlobalSection
	GlobalSection(ProjectConfigurationPlatforms) = postSolution
		{6AE3251A-191E-4446-852E-80C00E9C328E}.Debug|Any CPU.ActiveCfg = Debug|Any CPU
		{6AE3251A-191E-4446-852E-80C00E9C328E}.Debug|Any CPU.Build.0 = Debug|Any CPU
		{6AE3251A-191E-4446-852E-80C00E9C328E}.Release|Any CPU.ActiveCfg = Release|Any CPU
		{6AE3251A-191E-4446-852E-80C00E9C328E}.Release|Any CPU.Build.0 = Release|Any CPU
	EndGlobalSection
	GlobalSection(SolutionProperties) = preSolution
		HideSolutionNode = FALSE
	EndGlobalSection
	GlobalSection(ExtensibilityGlobals) = postSolution
		SolutionGuid = {9560788B-AFDE-4906-A0D6-91733AF8DF29}
	EndGlobalSection
EndGlobal
